// !$*UTF8*$!
{
	archiveVersion = 1;
	classes = {
	};
	objectVersion = 46;
	objects = {

/* Begin PBXBuildFile section */
		30B576E518E4A72500B3F6C9 /* Foundation.framework in Frameworks */ = {isa = PBXBuildFile; fileRef = 30B576E418E4A72500B3F6C9 /* Foundation.framework */; };
		30B576E718E4A72500B3F6C9 /* CoreGraphics.framework in Frameworks */ = {isa = PBXBuildFile; fileRef = 30B576E618E4A72500B3F6C9 /* CoreGraphics.framework */; };
		30B576E918E4A72500B3F6C9 /* UIKit.framework in Frameworks */ = {isa = PBXBuildFile; fileRef = 30B576E818E4A72500B3F6C9 /* UIKit.framework */; };
		30B576EF18E4A72500B3F6C9 /* InfoPlist.strings in Resources */ = {isa = PBXBuildFile; fileRef = 30B576ED18E4A72500B3F6C9 /* InfoPlist.strings */; };
		30B576F118E4A72500B3F6C9 /* main.m in Sources */ = {isa = PBXBuildFile; fileRef = 30B576F018E4A72500B3F6C9 /* main.m */; };
		30B576F518E4A72500B3F6C9 /* MyAppDelegate.m in Sources */ = {isa = PBXBuildFile; fileRef = 30B576F418E4A72500B3F6C9 /* MyAppDelegate.m */; };
		30B576F818E4A72500B3F6C9 /* Main.storyboard in Resources */ = {isa = PBXBuildFile; fileRef = 30B576F618E4A72500B3F6C9 /* Main.storyboard */; };
		30B576FB18E4A72500B3F6C9 /* MyViewController.m in Sources */ = {isa = PBXBuildFile; fileRef = 30B576FA18E4A72500B3F6C9 /* MyViewController.m */; };
		30B576FD18E4A72500B3F6C9 /* Images.xcassets in Resources */ = {isa = PBXBuildFile; fileRef = 30B576FC18E4A72500B3F6C9 /* Images.xcassets */; };
		30B5770418E4A72500B3F6C9 /* XCTest.framework in Frameworks */ = {isa = PBXBuildFile; fileRef = 30B5770318E4A72500B3F6C9 /* XCTest.framework */; };
		30B5770518E4A72500B3F6C9 /* Foundation.framework in Frameworks */ = {isa = PBXBuildFile; fileRef = 30B576E418E4A72500B3F6C9 /* Foundation.framework */; };
		30B5770618E4A72500B3F6C9 /* UIKit.framework in Frameworks */ = {isa = PBXBuildFile; fileRef = 30B576E818E4A72500B3F6C9 /* UIKit.framework */; };
		30B5770E18E4A72500B3F6C9 /* InfoPlist.strings in Resources */ = {isa = PBXBuildFile; fileRef = 30B5770C18E4A72500B3F6C9 /* InfoPlist.strings */; };
		30B5771018E4A72500B3F6C9 /* Hello_World_Tests.m in Sources */ = {isa = PBXBuildFile; fileRef = 30B5770F18E4A72500B3F6C9 /* Hello_World_Tests.m */; };
/* End PBXBuildFile section */

/* Begin PBXContainerItemProxy section */
		30B5770718E4A72500B3F6C9 /* PBXContainerItemProxy */ = {
			isa = PBXContainerItemProxy;
			containerPortal = 30B576D918E4A72500B3F6C9 /* Project object */;
			proxyType = 1;
			remoteGlobalIDString = 30B576E018E4A72500B3F6C9;
			remoteInfo = "Hello World!";
		};
/* End PBXContainerItemProxy section */

/* Begin PBXFileReference section */
		30B576E118E4A72500B3F6C9 /* Hello World!.app */ = {isa = PBXFileReference; explicitFileType = wrapper.application; includeInIndex = 0; path = "Hello World!.app"; sourceTree = BUILT_PRODUCTS_DIR; };
		30B576E418E4A72500B3F6C9 /* Foundation.framework */ = {isa = PBXFileReference; lastKnownFileType = wrapper.framework; name = Foundation.framework; path = System/Library/Frameworks/Foundation.framework; sourceTree = SDKROOT; };
		30B576E618E4A72500B3F6C9 /* CoreGraphics.framework */ = {isa = PBXFileReference; lastKnownFileType = wrapper.framework; name = CoreGraphics.framework; path = System/Library/Frameworks/CoreGraphics.framework; sourceTree = SDKROOT; };
		30B576E818E4A72500B3F6C9 /* UIKit.framework */ = {isa = PBXFileReference; lastKnownFileType = wrapper.framework; name = UIKit.framework; path = System/Library/Frameworks/UIKit.framework; sourceTree = SDKROOT; };
		30B576EC18E4A72500B3F6C9 /* Hello World!-Info.plist */ = {isa = PBXFileReference; lastKnownFileType = text.plist.xml; path = "Hello World!-Info.plist"; sourceTree = "<group>"; };
		30B576EE18E4A72500B3F6C9 /* en */ = {isa = PBXFileReference; lastKnownFileType = text.plist.strings; name = en; path = en.lproj/InfoPlist.strings; sourceTree = "<group>"; };
		30B576F018E4A72500B3F6C9 /* main.m */ = {isa = PBXFileReference; lastKnownFileType = sourcecode.c.objc; path = main.m; sourceTree = "<group>"; };
		30B576F218E4A72500B3F6C9 /* Hello World!-Prefix.pch */ = {isa = PBXFileReference; lastKnownFileType = sourcecode.c.h; path = "Hello World!-Prefix.pch"; sourceTree = "<group>"; };
		30B576F318E4A72500B3F6C9 /* MyAppDelegate.h */ = {isa = PBXFileReference; lastKnownFileType = sourcecode.c.h; path = MyAppDelegate.h; sourceTree = "<group>"; };
		30B576F418E4A72500B3F6C9 /* MyAppDelegate.m */ = {isa = PBXFileReference; lastKnownFileType = sourcecode.c.objc; path = MyAppDelegate.m; sourceTree = "<group>"; };
		30B576F718E4A72500B3F6C9 /* Base */ = {isa = PBXFileReference; lastKnownFileType = file.storyboard; name = Base; path = Base.lproj/Main.storyboard; sourceTree = "<group>"; };
		30B576F918E4A72500B3F6C9 /* MyViewController.h */ = {isa = PBXFileReference; lastKnownFileType = sourcecode.c.h; path = MyViewController.h; sourceTree = "<group>"; };
		30B576FA18E4A72500B3F6C9 /* MyViewController.m */ = {isa = PBXFileReference; lastKnownFileType = sourcecode.c.objc; path = MyViewController.m; sourceTree = "<group>"; };
		30B576FC18E4A72500B3F6C9 /* Images.xcassets */ = {isa = PBXFileReference; lastKnownFileType = folder.assetcatalog; path = Images.xcassets; sourceTree = "<group>"; };
		30B5770218E4A72500B3F6C9 /* Hello World!Tests.xctest */ = {isa = PBXFileReference; explicitFileType = wrapper.cfbundle; includeInIndex = 0; path = "Hello World!Tests.xctest"; sourceTree = BUILT_PRODUCTS_DIR; };
		30B5770318E4A72500B3F6C9 /* XCTest.framework */ = {isa = PBXFileReference; lastKnownFileType = wrapper.framework; name = XCTest.framework; path = Library/Frameworks/XCTest.framework; sourceTree = DEVELOPER_DIR; };
		30B5770B18E4A72500B3F6C9 /* Hello World!Tests-Info.plist */ = {isa = PBXFileReference; lastKnownFileType = text.plist.xml; path = "Hello World!Tests-Info.plist"; sourceTree = "<group>"; };
		30B5770D18E4A72500B3F6C9 /* en */ = {isa = PBXFileReference; lastKnownFileType = text.plist.strings; name = en; path = en.lproj/InfoPlist.strings; sourceTree = "<group>"; };
		30B5770F18E4A72500B3F6C9 /* Hello_World_Tests.m */ = {isa = PBXFileReference; lastKnownFileType = sourcecode.c.objc; path = Hello_World_Tests.m; sourceTree = "<group>"; };
/* End PBXFileReference section */

/* Begin PBXFrameworksBuildPhase section */
		30B576DE18E4A72500B3F6C9 /* Frameworks */ = {
			isa = PBXFrameworksBuildPhase;
			buildActionMask = 2147483647;
			files = (
				30B576E718E4A72500B3F6C9 /* CoreGraphics.framework in Frameworks */,
				30B576E918E4A72500B3F6C9 /* UIKit.framework in Frameworks */,
				30B576E518E4A72500B3F6C9 /* Foundation.framework in Frameworks */,
			);
			runOnlyForDeploymentPostprocessing = 0;
		};
		30B576FF18E4A72500B3F6C9 /* Frameworks */ = {
			isa = PBXFrameworksBuildPhase;
			buildActionMask = 2147483647;
			files = (
				30B5770418E4A72500B3F6C9 /* XCTest.framework in Frameworks */,
				30B5770618E4A72500B3F6C9 /* UIKit.framework in Frameworks */,
				30B5770518E4A72500B3F6C9 /* Foundation.framework in Frameworks */,
			);
			runOnlyForDeploymentPostprocessing = 0;
		};
/* End PBXFrameworksBuildPhase section */

/* Begin PBXGroup section */
		30B576D818E4A72500B3F6C9 = {
			isa = PBXGroup;
			children = (
				30B576EA18E4A72500B3F6C9 /* Hello World! */,
				30B5770918E4A72500B3F6C9 /* Hello World!Tests */,
				30B576E318E4A72500B3F6C9 /* Frameworks */,
				30B576E218E4A72500B3F6C9 /* Products */,
			);
			sourceTree = "<group>";
		};
		30B576E218E4A72500B3F6C9 /* Products */ = {
			isa = PBXGroup;
			children = (
				30B576E118E4A72500B3F6C9 /* Hello World!.app */,
				30B5770218E4A72500B3F6C9 /* Hello World!Tests.xctest */,
			);
			name = Products;
			sourceTree = "<group>";
		};
		30B576E318E4A72500B3F6C9 /* Frameworks */ = {
			isa = PBXGroup;
			children = (
				30B576E418E4A72500B3F6C9 /* Foundation.framework */,
				30B576E618E4A72500B3F6C9 /* CoreGraphics.framework */,
				30B576E818E4A72500B3F6C9 /* UIKit.framework */,
				30B5770318E4A72500B3F6C9 /* XCTest.framework */,
			);
			name = Frameworks;
			sourceTree = "<group>";
		};
		30B576EA18E4A72500B3F6C9 /* Hello World! */ = {
			isa = PBXGroup;
			children = (
				30B576F318E4A72500B3F6C9 /* MyAppDelegate.h */,
				30B576F418E4A72500B3F6C9 /* MyAppDelegate.m */,
				30B576F618E4A72500B3F6C9 /* Main.storyboard */,
				30B576F918E4A72500B3F6C9 /* MyViewController.h */,
				30B576FA18E4A72500B3F6C9 /* MyViewController.m */,
				30B576FC18E4A72500B3F6C9 /* Images.xcassets */,
				30B576EB18E4A72500B3F6C9 /* Supporting Files */,
			);
			path = "Hello World!";
			sourceTree = "<group>";
		};
		30B576EB18E4A72500B3F6C9 /* Supporting Files */ = {
			isa = PBXGroup;
			children = (
				30B576EC18E4A72500B3F6C9 /* Hello World!-Info.plist */,
				30B576ED18E4A72500B3F6C9 /* InfoPlist.strings */,
				30B576F018E4A72500B3F6C9 /* main.m */,
				30B576F218E4A72500B3F6C9 /* Hello World!-Prefix.pch */,
			);
			name = "Supporting Files";
			sourceTree = "<group>";
		};
		30B5770918E4A72500B3F6C9 /* Hello World!Tests */ = {
			isa = PBXGroup;
			children = (
				30B5770F18E4A72500B3F6C9 /* Hello_World_Tests.m */,
				30B5770A18E4A72500B3F6C9 /* Supporting Files */,
			);
			path = "Hello World!Tests";
			sourceTree = "<group>";
		};
		30B5770A18E4A72500B3F6C9 /* Supporting Files */ = {
			isa = PBXGroup;
			children = (
				30B5770B18E4A72500B3F6C9 /* Hello World!Tests-Info.plist */,
				30B5770C18E4A72500B3F6C9 /* InfoPlist.strings */,
			);
			name = "Supporting Files";
			sourceTree = "<group>";
		};
/* End PBXGroup section */

/* Begin PBXNativeTarget section */
		30B576E018E4A72500B3F6C9 /* Hello World! */ = {
			isa = PBXNativeTarget;
			buildConfigurationList = 30B5771318E4A72500B3F6C9 /* Build configuration list for PBXNativeTarget "Hello World!" */;
			buildPhases = (
				30B576DD18E4A72500B3F6C9 /* Sources */,
				30B576DE18E4A72500B3F6C9 /* Frameworks */,
				30B576DF18E4A72500B3F6C9 /* Resources */,
			);
			buildRules = (
			);
			dependencies = (
			);
			name = "Hello World!";
			productName = "Hello World!";
			productReference = 30B576E118E4A72500B3F6C9 /* Hello World!.app */;
			productType = "com.apple.product-type.application";
		};
		30B5770118E4A72500B3F6C9 /* Hello World!Tests */ = {
			isa = PBXNativeTarget;
			buildConfigurationList = 30B5771618E4A72500B3F6C9 /* Build configuration list for PBXNativeTarget "Hello World!Tests" */;
			buildPhases = (
				30B576FE18E4A72500B3F6C9 /* Sources */,
				30B576FF18E4A72500B3F6C9 /* Frameworks */,
				30B5770018E4A72500B3F6C9 /* Resources */,
			);
			buildRules = (
			);
			dependencies = (
				30B5770818E4A72500B3F6C9 /* PBXTargetDependency */,
			);
			name = "Hello World!Tests";
			productName = "Hello World!Tests";
			productReference = 30B5770218E4A72500B3F6C9 /* Hello World!Tests.xctest */;
			productType = "com.apple.product-type.bundle.unit-test";
		};
/* End PBXNativeTarget section */

/* Begin PBXProject section */
		30B576D918E4A72500B3F6C9 /* Project object */ = {
			isa = PBXProject;
			attributes = {
				CLASSPREFIX = My;
				LastUpgradeCheck = 0510;
				ORGANIZATIONNAME = murphazoid;
				TargetAttributes = {
					30B5770118E4A72500B3F6C9 = {
						TestTargetID = 30B576E018E4A72500B3F6C9;
					};
				};
			};
			buildConfigurationList = 30B576DC18E4A72500B3F6C9 /* Build configuration list for PBXProject "Hello World!" */;
			compatibilityVersion = "Xcode 3.2";
			developmentRegion = English;
			hasScannedForEncodings = 0;
			knownRegions = (
				en,
				Base,
			);
			mainGroup = 30B576D818E4A72500B3F6C9;
			productRefGroup = 30B576E218E4A72500B3F6C9 /* Products */;
			projectDirPath = "";
			projectRoot = "";
			targets = (
				30B576E018E4A72500B3F6C9 /* Hello World! */,
				30B5770118E4A72500B3F6C9 /* Hello World!Tests */,
			);
		};
/* End PBXProject section */

/* Begin PBXResourcesBuildPhase section */
		30B576DF18E4A72500B3F6C9 /* Resources */ = {
			isa = PBXResourcesBuildPhase;
			buildActionMask = 2147483647;
			files = (
				30B576FD18E4A72500B3F6C9 /* Images.xcassets in Resources */,
				30B576EF18E4A72500B3F6C9 /* InfoPlist.strings in Resources */,
				30B576F818E4A72500B3F6C9 /* Main.storyboard in Resources */,
			);
			runOnlyForDeploymentPostprocessing = 0;
		};
		30B5770018E4A72500B3F6C9 /* Resources */ = {
			isa = PBXResourcesBuildPhase;
			buildActionMask = 2147483647;
			files = (
				30B5770E18E4A72500B3F6C9 /* InfoPlist.strings in Resources */,
			);
			runOnlyForDeploymentPostprocessing = 0;
		};
/* End PBXResourcesBuildPhase section */

/* Begin PBXSourcesBuildPhase section */
		30B576DD18E4A72500B3F6C9 /* Sources */ = {
			isa = PBXSourcesBuildPhase;
			buildActionMask = 2147483647;
			files = (
				30B576FB18E4A72500B3F6C9 /* MyViewController.m in Sources */,
				30B576F518E4A72500B3F6C9 /* MyAppDelegate.m in Sources */,
				30B576F118E4A72500B3F6C9 /* main.m in Sources */,
			);
			runOnlyForDeploymentPostprocessing = 0;
		};
		30B576FE18E4A72500B3F6C9 /* Sources */ = {
			isa = PBXSourcesBuildPhase;
			buildActionMask = 2147483647;
			files = (
				30B5771018E4A72500B3F6C9 /* Hello_World_Tests.m in Sources */,
			);
			runOnlyForDeploymentPostprocessing = 0;
		};
/* End PBXSourcesBuildPhase section */

/* Begin PBXTargetDependency section */
		30B5770818E4A72500B3F6C9 /* PBXTargetDependency */ = {
			isa = PBXTargetDependency;
			target = 30B576E018E4A72500B3F6C9 /* Hello World! */;
			targetProxy = 30B5770718E4A72500B3F6C9 /* PBXContainerItemProxy */;
		};
/* End PBXTargetDependency section */

/* Begin PBXVariantGroup section */
		30B576ED18E4A72500B3F6C9 /* InfoPlist.strings */ = {
			isa = PBXVariantGroup;
			children = (
				30B576EE18E4A72500B3F6C9 /* en */,
			);
			name = InfoPlist.strings;
			sourceTree = "<group>";
		};
		30B576F618E4A72500B3F6C9 /* Main.storyboard */ = {
			isa = PBXVariantGroup;
			children = (
				30B576F718E4A72500B3F6C9 /* Base */,
			);
			name = Main.storyboard;
			sourceTree = "<group>";
		};
		30B5770C18E4A72500B3F6C9 /* InfoPlist.strings */ = {
			isa = PBXVariantGroup;
			children = (
				30B5770D18E4A72500B3F6C9 /* en */,
			);
			name = InfoPlist.strings;
			sourceTree = "<group>";
		};
/* End PBXVariantGroup section */

/* Begin XCBuildConfiguration section */
		30B5771118E4A72500B3F6C9 /* Debug */ = {
			isa = XCBuildConfiguration;
			buildSettings = {
				ALWAYS_SEARCH_USER_PATHS = NO;
				CLANG_CXX_LANGUAGE_STANDARD = "gnu++0x";
				CLANG_CXX_LIBRARY = "libc++";
				CLANG_ENABLE_MODULES = YES;
				CLANG_ENABLE_OBJC_ARC = YES;
				CLANG_WARN_BOOL_CONVERSION = YES;
				CLANG_WARN_CONSTANT_CONVERSION = YES;
				CLANG_WARN_DIRECT_OBJC_ISA_USAGE = YES_ERROR;
				CLANG_WARN_EMPTY_BODY = YES;
				CLANG_WARN_ENUM_CONVERSION = YES;
				CLANG_WARN_INT_CONVERSION = YES;
				CLANG_WARN_OBJC_ROOT_CLASS = YES_ERROR;
				CLANG_WARN__DUPLICATE_METHOD_MATCH = YES;
				"CODE_SIGN_IDENTITY[sdk=iphoneos*]" = "iPhone Developer";
				COPY_PHASE_STRIP = NO;
				GCC_C_LANGUAGE_STANDARD = gnu99;
				GCC_DYNAMIC_NO_PIC = NO;
				GCC_OPTIMIZATION_LEVEL = 0;
				GCC_PREPROCESSOR_DEFINITIONS = (
					"DEBUG=1",
					"$(inherited)",
				);
				GCC_SYMBOLS_PRIVATE_EXTERN = NO;
				GCC_WARN_64_TO_32_BIT_CONVERSION = YES;
				GCC_WARN_ABOUT_RETURN_TYPE = YES_ERROR;
				GCC_WARN_UNDECLARED_SELECTOR = YES;
				GCC_WARN_UNINITIALIZED_AUTOS = YES_AGGRESSIVE;
				GCC_WARN_UNUSED_FUNCTION = YES;
				GCC_WARN_UNUSED_VARIABLE = YES;
				IPHONEOS_DEPLOYMENT_TARGET = 7.1;
				ONLY_ACTIVE_ARCH = YES;
				SDKROOT = iphoneos;
			};
			name = Debug;
		};
		30B5771218E4A72500B3F6C9 /* Release */ = {
			isa = XCBuildConfiguration;
			buildSettings = {
				ALWAYS_SEARCH_USER_PATHS = NO;
				CLANG_CXX_LANGUAGE_STANDARD = "gnu++0x";
				CLANG_CXX_LIBRARY = "libc++";
				CLANG_ENABLE_MODULES = YES;
				CLANG_ENABLE_OBJC_ARC = YES;
				CLANG_WARN_BOOL_CONVERSION = YES;
				CLANG_WARN_CONSTANT_CONVERSION = YES;
				CLANG_WARN_DIRECT_OBJC_ISA_USAGE = YES_ERROR;
				CLANG_WARN_EMPTY_BODY = YES;
				CLANG_WARN_ENUM_CONVERSION = YES;
				CLANG_WARN_INT_CONVERSION = YES;
				CLANG_WARN_OBJC_ROOT_CLASS = YES_ERROR;
				CLANG_WARN__DUPLICATE_METHOD_MATCH = YES;
				"CODE_SIGN_IDENTITY[sdk=iphoneos*]" = "iPhone Developer";
				COPY_PHASE_STRIP = YES;
				ENABLE_NS_ASSERTIONS = NO;
				GCC_C_LANGUAGE_STANDARD = gnu99;
				GCC_WARN_64_TO_32_BIT_CONVERSION = YES;
				GCC_WARN_ABOUT_RETURN_TYPE = YES_ERROR;
				GCC_WARN_UNDECLARED_SELECTOR = YES;
				GCC_WARN_UNINITIALIZED_AUTOS = YES_AGGRESSIVE;
				GCC_WARN_UNUSED_FUNCTION = YES;
				GCC_WARN_UNUSED_VARIABLE = YES;
				IPHONEOS_DEPLOYMENT_TARGET = 7.1;
				SDKROOT = iphoneos;
				VALIDATE_PRODUCT = YES;
			};
			name = Release;
		};
		30B5771418E4A72500B3F6C9 /* Debug */ = {
			isa = XCBuildConfiguration;
			buildSettings = {
				ASSETCATALOG_COMPILER_APPICON_NAME = AppIcon;
				ASSETCATALOG_COMPILER_LAUNCHIMAGE_NAME = LaunchImage;
				GCC_PRECOMPILE_PREFIX_HEADER = YES;
				GCC_PREFIX_HEADER = "Hello World!/Hello World!-Prefix.pch";
				INFOPLIST_FILE = "Hello World!/Hello World!-Info.plist";
				PRODUCT_NAME = "$(TARGET_NAME)";
				WRAPPER_EXTENSION = app;
			};
			name = Debug;
		};
		30B5771518E4A72500B3F6C9 /* Release */ = {
			isa = XCBuildConfiguration;
			buildSettings = {
				ASSETCATALOG_COMPILER_APPICON_NAME = AppIcon;
				ASSETCATALOG_COMPILER_LAUNCHIMAGE_NAME = LaunchImage;
				GCC_PRECOMPILE_PREFIX_HEADER = YES;
				GCC_PREFIX_HEADER = "Hello World!/Hello World!-Prefix.pch";
				INFOPLIST_FILE = "Hello World!/Hello World!-Info.plist";
				PRODUCT_NAME = "$(TARGET_NAME)";
				WRAPPER_EXTENSION = app;
			};
			name = Release;
		};
		30B5771718E4A72500B3F6C9 /* Debug */ = {
			isa = XCBuildConfiguration;
			buildSettings = {
				BUNDLE_LOADER = "$(BUILT_PRODUCTS_DIR)/Hello World!.app/Hello World!";
				FRAMEWORK_SEARCH_PATHS = (
					"$(SDKROOT)/Developer/Library/Frameworks",
					"$(inherited)",
					"$(DEVELOPER_FRAMEWORKS_DIR)",
				);
				GCC_PRECOMPILE_PREFIX_HEADER = YES;
				GCC_PREFIX_HEADER = "Hello World!/Hello World!-Prefix.pch";
				GCC_PREPROCESSOR_DEFINITIONS = (
					"DEBUG=1",
					"$(inherited)",
				);
				INFOPLIST_FILE = "Hello World!Tests/Hello World!Tests-Info.plist";
				PRODUCT_NAME = "$(TARGET_NAME)";
				TEST_HOST = "$(BUNDLE_LOADER)";
				WRAPPER_EXTENSION = xctest;
			};
			name = Debug;
		};
		30B5771818E4A72500B3F6C9 /* Release */ = {
			isa = XCBuildConfiguration;
			buildSettings = {
				BUNDLE_LOADER = "$(BUILT_PRODUCTS_DIR)/Hello World!.app/Hello World!";
				FRAMEWORK_SEARCH_PATHS = (
					"$(SDKROOT)/Developer/Library/Frameworks",
					"$(inherited)",
					"$(DEVELOPER_FRAMEWORKS_DIR)",
				);
				GCC_PRECOMPILE_PREFIX_HEADER = YES;
				GCC_PREFIX_HEADER = "Hello World!/Hello World!-Prefix.pch";
				INFOPLIST_FILE = "Hello World!Tests/Hello World!Tests-Info.plist";
				PRODUCT_NAME = "$(TARGET_NAME)";
				TEST_HOST = "$(BUNDLE_LOADER)";
				WRAPPER_EXTENSION = xctest;
			};
			name = Release;
		};
/* End XCBuildConfiguration section */

/* Begin XCConfigurationList section */
		30B576DC18E4A72500B3F6C9 /* Build configuration list for PBXProject "Hello World!" */ = {
			isa = XCConfigurationList;
			buildConfigurations = (
				30B5771118E4A72500B3F6C9 /* Debug */,
				30B5771218E4A72500B3F6C9 /* Release */,
			);
			defaultConfigurationIsVisible = 0;
			defaultConfigurationName = Release;
		};
		30B5771318E4A72500B3F6C9 /* Build configuration list for PBXNativeTarget "Hello World!" */ = {
			isa = XCConfigurationList;
			buildConfigurations = (
				30B5771418E4A72500B3F6C9 /* Debug */,
				30B5771518E4A72500B3F6C9 /* Release */,
			);
			defaultConfigurationIsVisible = 0;
		};
		30B5771618E4A72500B3F6C9 /* Build configuration list for PBXNativeTarget "Hello World!Tests" */ = {
			isa = XCConfigurationList;
			buildConfigurations = (
				30B5771718E4A72500B3F6C9 /* Debug */,
				30B5771818E4A72500B3F6C9 /* Release */,
			);
			defaultConfigurationIsVisible = 0;
		};
/* End XCConfigurationList section */
	};
	rootObject = 30B576D918E4A72500B3F6C9 /* Project object */;
}
